
Microsoft Visual Studio Solution File, Format Version 12.00
# Visual Studio 2013
VisualStudioVersion = 12.0.30501.0
MinimumVisualStudioVersion = 10.0.40219.1
Project("{FAE04EC0-301F-11D3-BF4B-00C04F79EFBC}") = "Talk", "Talk\Talk.csproj", "{28DD44EA-46A5-46C9-AB32-14550FA0F6B2}"
EndProject
Project("{2150E333-8FDC-42A3-9474-1A3956D46DE8}") = "Solution Items", "Solution Items", "{8AB69852-CA08-4A91-86EE-F2ED2444C0AA}"
EndProject
Project("{FAE04EC0-301F-11D3-BF4B-00C04F79EFBC}") = "Talk.Tests", "Talk.Tests\Talk.Tests.csproj", "{D850F89F-E4FD-4FD7-A665-935EF87ADD7A}"
EndProject
Global
	GlobalSection(SolutionConfigurationPlatforms) = preSolution
		Debug|Any CPU = Debug|Any CPU
		Release|Any CPU = Release|Any CPU
	EndGlobalSection
	GlobalSection(ProjectConfigurationPlatforms) = postSolution
		{28DD44EA-46A5-46C9-AB32-14550FA0F6B2}.Debug|Any CPU.ActiveCfg = Debug|Any CPU
		{28DD44EA-46A5-46C9-AB32-14550FA0F6B2}.Debug|Any CPU.Build.0 = Debug|Any CPU
		{28DD44EA-46A5-46C9-AB32-14550FA0F6B2}.Release|Any CPU.ActiveCfg = Release|Any CPU
		{28DD44EA-46A5-46C9-AB32-14550FA0F6B2}.Release|Any CPU.Build.0 = Release|Any CPU
		{D850F89F-E4FD-4FD7-A665-935EF87ADD7A}.Debug|Any CPU.ActiveCfg = Debug|Any CPU
		{D850F89F-E4FD-4FD7-A665-935EF87ADD7A}.Debug|Any CPU.Build.0 = Debug|Any CPU
		{D850F89F-E4FD-4FD7-A665-935EF87ADD7A}.Release|Any CPU.ActiveCfg = Release|Any CPU
		{D850F89F-E4FD-4FD7-A665-935EF87ADD7A}.Release|Any CPU.Build.0 = Release|Any CPU
	EndGlobalSection
	GlobalSection(SolutionProperties) = preSolution
		HideSolutionNode = FALSE
	EndGlobalSection
	GlobalSection(TestCaseManagementSettings) = postSolution
		CategoryFile = Talk.vsmdi
	EndGlobalSection
EndGlobal
